
Microsoft Visual Studio Solution File, Format Version 12.00
# Visual Studio 2013
VisualStudioVersion = 12.0.31101.0
MinimumVisualStudioVersion = 10.0.40219.1
Project("{FAE04EC0-301F-11D3-BF4B-00C04F79EFBC}") = "SozialWeb", "SozialWeb\SozialWeb.csproj", "{AE0D55CE-6177-4ABC-A09E-8688B9065919}"
EndProject
Project("{FAE04EC0-301F-11D3-BF4B-00C04F79EFBC}") = "SozialWeb.Tests", "SozialWeb.Tests\SozialWeb.Tests.csproj", "{47895AC1-3569-4207-9D08-DA6FE658B363}"
EndProject
Global
	GlobalSection(SolutionConfigurationPlatforms) = preSolution
		Debug|Any CPU = Debug|Any CPU
		Release|Any CPU = Release|Any CPU
	EndGlobalSection
	GlobalSection(ProjectConfigurationPlatforms) = postSolution
		{AE0D55CE-6177-4ABC-A09E-8688B9065919}.Debug|Any CPU.ActiveCfg = Debug|Any CPU
		{AE0D55CE-6177-4ABC-A09E-8688B9065919}.Debug|Any CPU.Build.0 = Debug|Any CPU
		{AE0D55CE-6177-4ABC-A09E-8688B9065919}.Release|Any CPU.ActiveCfg = Release|Any CPU
		{AE0D55CE-6177-4ABC-A09E-8688B9065919}.Release|Any CPU.Build.0 = Release|Any CPU
		{47895AC1-3569-4207-9D08-DA6FE658B363}.Debug|Any CPU.ActiveCfg = Debug|Any CPU
		{47895AC1-3569-4207-9D08-DA6FE658B363}.Debug|Any CPU.Build.0 = Debug|Any CPU
		{47895AC1-3569-4207-9D08-DA6FE658B363}.Release|Any CPU.ActiveCfg = Release|Any CPU
		{47895AC1-3569-4207-9D08-DA6FE658B363}.Release|Any CPU.Build.0 = Release|Any CPU
	EndGlobalSection
	GlobalSection(SolutionProperties) = preSolution
		HideSolutionNode = FALSE
	EndGlobalSection
EndGlobal
